// !$*UTF8*$!
{
	archiveVersion = 1;
	classes = {
	};
	objectVersion = 55;
	objects = {

/* Begin PBXBuildFile section */
		4D11B59E27E8B41300A6ACC6 /* CAAudioUnitSpeech.swift in Sources */ = {isa = PBXBuildFile; fileRef = 4D11B59C27E8B3DD00A6ACC6 /* CAAudioUnitSpeech.swift */; };
		4D11B59F27E8B41A00A6ACC6 /* main.swift in Sources */ = {isa = PBXBuildFile; fileRef = 4D45C3FE27DE1C29004E02C7 /* main.swift */; };
		4D11B5A027E8B41F00A6ACC6 /* CheckError.swift in Sources */ = {isa = PBXBuildFile; fileRef = 4DE488EE27DF988C003543CB /* CheckError.swift */; };
		4D1E1ABD27DECB2D0052CB16 /* NCO.swift in Sources */ = {isa = PBXBuildFile; fileRef = 4D1E1ABC27DECB2D0052CB16 /* NCO.swift */; };
		4D1E1AC027DECFA00052CB16 /* main.swift in Sources */ = {isa = PBXBuildFile; fileRef = 4D45C3FE27DE1C29004E02C7 /* main.swift */; };
		4D1E1ACA27DED0030052CB16 /* CAStreamFormatTester.swift in Sources */ = {isa = PBXBuildFile; fileRef = 4D1E1AC927DED0030052CB16 /* CAStreamFormatTester.swift */; };
		4D1E1ACB27DED0340052CB16 /* CAToneFileGenerator.swift in Sources */ = {isa = PBXBuildFile; fileRef = 4D7820BC27DD8C9400C8EFB7 /* CAToneFileGenerator.swift */; };
		4D3B068D27E8C40000291BD9 /* main.swift in Sources */ = {isa = PBXBuildFile; fileRef = 4D45C3FE27DE1C29004E02C7 /* main.swift */; };
		4D3B068E27E8C40000291BD9 /* CAAudioUnitSpeech.swift in Sources */ = {isa = PBXBuildFile; fileRef = 4D11B59C27E8B3DD00A6ACC6 /* CAAudioUnitSpeech.swift */; };
		4D3B068F27E8C40000291BD9 /* CheckError.swift in Sources */ = {isa = PBXBuildFile; fileRef = 4DE488EE27DF988C003543CB /* CheckError.swift */; };
		4D45C3FF27DE1C29004E02C7 /* main.swift in Sources */ = {isa = PBXBuildFile; fileRef = 4D45C3FE27DE1C29004E02C7 /* main.swift */; };
		4D45C40027DE1C29004E02C7 /* main.swift in Sources */ = {isa = PBXBuildFile; fileRef = 4D45C3FE27DE1C29004E02C7 /* main.swift */; };
		4D63D1B027E78141006E2BB8 /* CAConverterExtended.swift in Sources */ = {isa = PBXBuildFile; fileRef = 4D63D1AF27E78141006E2BB8 /* CAConverterExtended.swift */; };
		4D63D1B127E781EE006E2BB8 /* main.swift in Sources */ = {isa = PBXBuildFile; fileRef = 4D45C3FE27DE1C29004E02C7 /* main.swift */; };
		4D63D1B227E781F2006E2BB8 /* CheckError.swift in Sources */ = {isa = PBXBuildFile; fileRef = 4DE488EE27DF988C003543CB /* CheckError.swift */; };
		4D7820BB27DD81C500C8EFB7 /* CAMetadata.swift in Sources */ = {isa = PBXBuildFile; fileRef = 4D7820BA27DD81C500C8EFB7 /* CAMetadata.swift */; };
		4DABA08C27E0B8FF004E1328 /* CAPlayer.swift in Sources */ = {isa = PBXBuildFile; fileRef = 4DABA08B27E0B8FF004E1328 /* CAPlayer.swift */; };
		4DABA08D27E0B940004E1328 /* CheckError.swift in Sources */ = {isa = PBXBuildFile; fileRef = 4DE488EE27DF988C003543CB /* CheckError.swift */; };
		4DABA08E27E0B953004E1328 /* main.swift in Sources */ = {isa = PBXBuildFile; fileRef = 4D45C3FE27DE1C29004E02C7 /* main.swift */; };
		4DB3738327E3FD4E0006DAE5 /* CheckError.swift in Sources */ = {isa = PBXBuildFile; fileRef = 4DE488EE27DF988C003543CB /* CheckError.swift */; };
		4DB3738627E3FD750006DAE5 /* CAConverter.swift in Sources */ = {isa = PBXBuildFile; fileRef = 4DB3738427E3FD6B0006DAE5 /* CAConverter.swift */; };
		4DB3738727E405220006DAE5 /* main.swift in Sources */ = {isa = PBXBuildFile; fileRef = 4D45C3FE27DE1C29004E02C7 /* main.swift */; };
		4DBEDD7827E7F0B3006E5F8F /* CAAudioUnitPlayer.swift in Sources */ = {isa = PBXBuildFile; fileRef = 4DBEDD7727E7F08D006E5F8F /* CAAudioUnitPlayer.swift */; };
		4DBEDD7927E7F0B7006E5F8F /* main.swift in Sources */ = {isa = PBXBuildFile; fileRef = 4D45C3FE27DE1C29004E02C7 /* main.swift */; };
		4DBEDD7A27E7F0BB006E5F8F /* CheckError.swift in Sources */ = {isa = PBXBuildFile; fileRef = 4DE488EE27DF988C003543CB /* CheckError.swift */; };
		4DE488DF27DF953E003543CB /* main.swift in Sources */ = {isa = PBXBuildFile; fileRef = 4D45C3FE27DE1C29004E02C7 /* main.swift */; };
		4DE488EB27DF959A003543CB /* CARecorder.swift in Sources */ = {isa = PBXBuildFile; fileRef = 4DE488E827DF959A003543CB /* CARecorder.swift */; };
		4DE488EF27DF988C003543CB /* CheckError.swift in Sources */ = {isa = PBXBuildFile; fileRef = 4DE488EE27DF988C003543CB /* CheckError.swift */; };
		4DE488F027DF988C003543CB /* CheckError.swift in Sources */ = {isa = PBXBuildFile; fileRef = 4DE488EE27DF988C003543CB /* CheckError.swift */; };
		4DE488F127DF988C003543CB /* CheckError.swift in Sources */ = {isa = PBXBuildFile; fileRef = 4DE488EE27DF988C003543CB /* CheckError.swift */; };
/* End PBXBuildFile section */

/* Begin PBXCopyFilesBuildPhase section */
		4D11B59327E8B3B900A6ACC6 /* CopyFiles */ = {
			isa = PBXCopyFilesBuildPhase;
			buildActionMask = 2147483647;
			dstPath = /usr/share/man/man1/;
			dstSubfolderSpec = 0;
			files = (
			);
			runOnlyForDeploymentPostprocessing = 1;
		};
		4D1E1AC427DECFA00052CB16 /* CopyFiles */ = {
			isa = PBXCopyFilesBuildPhase;
			buildActionMask = 2147483647;
			dstPath = /usr/share/man/man1/;
			dstSubfolderSpec = 0;
			files = (
			);
			runOnlyForDeploymentPostprocessing = 1;
		};
		4D3B069127E8C40000291BD9 /* CopyFiles */ = {
			isa = PBXCopyFilesBuildPhase;
			buildActionMask = 2147483647;
			dstPath = /usr/share/man/man1/;
			dstSubfolderSpec = 0;
			files = (
			);
			runOnlyForDeploymentPostprocessing = 1;
		};
		4D45C3F927DE19BD004E02C7 /* CopyFiles */ = {
			isa = PBXCopyFilesBuildPhase;
			buildActionMask = 2147483647;
			dstPath = /usr/share/man/man1/;
			dstSubfolderSpec = 0;
			files = (
			);
			runOnlyForDeploymentPostprocessing = 1;
		};
		4D63D1A627E7811E006E2BB8 /* CopyFiles */ = {
			isa = PBXCopyFilesBuildPhase;
			buildActionMask = 2147483647;
			dstPath = /usr/share/man/man1/;
			dstSubfolderSpec = 0;
			files = (
			);
			runOnlyForDeploymentPostprocessing = 1;
		};
		4D7820AE27DD807C00C8EFB7 /* CopyFiles */ = {
			isa = PBXCopyFilesBuildPhase;
			buildActionMask = 2147483647;
			dstPath = /usr/share/man/man1/;
			dstSubfolderSpec = 0;
			files = (
			);
			runOnlyForDeploymentPostprocessing = 1;
		};
		4DABA08227E0B8BD004E1328 /* CopyFiles */ = {
			isa = PBXCopyFilesBuildPhase;
			buildActionMask = 2147483647;
			dstPath = /usr/share/man/man1/;
			dstSubfolderSpec = 0;
			files = (
			);
			runOnlyForDeploymentPostprocessing = 1;
		};
		4DB3737A27E3FD410006DAE5 /* CopyFiles */ = {
			isa = PBXCopyFilesBuildPhase;
			buildActionMask = 2147483647;
			dstPath = /usr/share/man/man1/;
			dstSubfolderSpec = 0;
			files = (
			);
			runOnlyForDeploymentPostprocessing = 1;
		};
		4DBEDD6E27E7F075006E5F8F /* CopyFiles */ = {
			isa = PBXCopyFilesBuildPhase;
			buildActionMask = 2147483647;
			dstPath = /usr/share/man/man1/;
			dstSubfolderSpec = 0;
			files = (
			);
			runOnlyForDeploymentPostprocessing = 1;
		};
		4DE488E327DF953E003543CB /* CopyFiles */ = {
			isa = PBXCopyFilesBuildPhase;
			buildActionMask = 2147483647;
			dstPath = /usr/share/man/man1/;
			dstSubfolderSpec = 0;
			files = (
			);
			runOnlyForDeploymentPostprocessing = 1;
		};
/* End PBXCopyFilesBuildPhase section */

/* Begin PBXFileReference section */
		4D0DD45927E21428002E9EBB /* CAPlayer.entitlements */ = {isa = PBXFileReference; lastKnownFileType = text.plist.entitlements; path = CAPlayer.entitlements; sourceTree = "<group>"; };
		4D11B59527E8B3B900A6ACC6 /* CAAudioUnitSpeech */ = {isa = PBXFileReference; explicitFileType = "compiled.mach-o.executable"; includeInIndex = 0; path = CAAudioUnitSpeech; sourceTree = BUILT_PRODUCTS_DIR; };
		4D11B59C27E8B3DD00A6ACC6 /* CAAudioUnitSpeech.swift */ = {isa = PBXFileReference; lastKnownFileType = sourcecode.swift; path = CAAudioUnitSpeech.swift; sourceTree = "<group>"; };
		4D1665B727E02AD400BB7313 /* CAStreamFormatTester.entitlements */ = {isa = PBXFileReference; lastKnownFileType = text.plist.entitlements; path = CAStreamFormatTester.entitlements; sourceTree = "<group>"; };
		4D1E1ABC27DECB2D0052CB16 /* NCO.swift */ = {isa = PBXFileReference; fileEncoding = 4; lastKnownFileType = sourcecode.swift; path = NCO.swift; sourceTree = "<group>"; };
		4D1E1AC827DECFA00052CB16 /* CAStreamFormatTester */ = {isa = PBXFileReference; explicitFileType = "compiled.mach-o.executable"; includeInIndex = 0; path = CAStreamFormatTester; sourceTree = BUILT_PRODUCTS_DIR; };
		4D1E1AC927DED0030052CB16 /* CAStreamFormatTester.swift */ = {isa = PBXFileReference; lastKnownFileType = sourcecode.swift; path = CAStreamFormatTester.swift; sourceTree = "<group>"; };
		4D3B069527E8C40000291BD9 /* CAAudioUnitSpeech 2 */ = {isa = PBXFileReference; explicitFileType = "compiled.mach-o.executable"; includeInIndex = 0; path = "CAAudioUnitSpeech 2"; sourceTree = BUILT_PRODUCTS_DIR; };
		4D45C3FD27DE19BD004E02C7 /* CAToneFileGenerator */ = {isa = PBXFileReference; explicitFileType = "compiled.mach-o.executable"; includeInIndex = 0; path = CAToneFileGenerator; sourceTree = BUILT_PRODUCTS_DIR; };
		4D45C3FE27DE1C29004E02C7 /* main.swift */ = {isa = PBXFileReference; lastKnownFileType = sourcecode.swift; path = main.swift; sourceTree = "<group>"; };
		4D63D1A827E7811E006E2BB8 /* CAConverterExtended */ = {isa = PBXFileReference; explicitFileType = "compiled.mach-o.executable"; includeInIndex = 0; path = CAConverterExtended; sourceTree = BUILT_PRODUCTS_DIR; };
		4D63D1AF27E78141006E2BB8 /* CAConverterExtended.swift */ = {isa = PBXFileReference; lastKnownFileType = sourcecode.swift; path = CAConverterExtended.swift; sourceTree = "<group>"; };
		4D7820B027DD807C00C8EFB7 /* CAMetadata */ = {isa = PBXFileReference; explicitFileType = "compiled.mach-o.executable"; includeInIndex = 0; path = CAMetadata; sourceTree = BUILT_PRODUCTS_DIR; };
		4D7820BA27DD81C500C8EFB7 /* CAMetadata.swift */ = {isa = PBXFileReference; lastKnownFileType = sourcecode.swift; path = CAMetadata.swift; sourceTree = "<group>"; };
		4D7820BC27DD8C9400C8EFB7 /* CAToneFileGenerator.swift */ = {isa = PBXFileReference; lastKnownFileType = sourcecode.swift; path = CAToneFileGenerator.swift; sourceTree = "<group>"; };
		4D83F4EA27E81A01008A8D9E /* readme.md */ = {isa = PBXFileReference; lastKnownFileType = net.daringfireball.markdown; path = readme.md; sourceTree = "<group>"; };
		4DABA07D27E0B83B004E1328 /* CARecorder.entitlements */ = {isa = PBXFileReference; lastKnownFileType = text.plist.entitlements; path = CARecorder.entitlements; sourceTree = "<group>"; };
		4DABA07E27E0B841004E1328 /* CAMetadata.entitlements */ = {isa = PBXFileReference; lastKnownFileType = text.plist.entitlements; path = CAMetadata.entitlements; sourceTree = "<group>"; };
		4DABA07F27E0B846004E1328 /* CAToneFileGenerator.entitlements */ = {isa = PBXFileReference; lastKnownFileType = text.plist.entitlements; path = CAToneFileGenerator.entitlements; sourceTree = "<group>"; };
		4DABA08427E0B8BD004E1328 /* CAPlayer */ = {isa = PBXFileReference; explicitFileType = "compiled.mach-o.executable"; includeInIndex = 0; path = CAPlayer; sourceTree = BUILT_PRODUCTS_DIR; };
		4DABA08B27E0B8FF004E1328 /* CAPlayer.swift */ = {isa = PBXFileReference; lastKnownFileType = sourcecode.swift; path = CAPlayer.swift; sourceTree = "<group>"; };
		4DB3737C27E3FD410006DAE5 /* CAConverter */ = {isa = PBXFileReference; explicitFileType = "compiled.mach-o.executable"; includeInIndex = 0; path = CAConverter; sourceTree = BUILT_PRODUCTS_DIR; };
		4DB3738427E3FD6B0006DAE5 /* CAConverter.swift */ = {isa = PBXFileReference; lastKnownFileType = sourcecode.swift; path = CAConverter.swift; sourceTree = "<group>"; };
		4DBA263627E81C48006E99DE /* BookCover.jpg */ = {isa = PBXFileReference; lastKnownFileType = image.jpeg; path = BookCover.jpg; sourceTree = "<group>"; };
		4DBEDD7027E7F075006E5F8F /* CAAudioUnitPlayer */ = {isa = PBXFileReference; explicitFileType = "compiled.mach-o.executable"; includeInIndex = 0; path = CAAudioUnitPlayer; sourceTree = BUILT_PRODUCTS_DIR; };
		4DBEDD7727E7F08D006E5F8F /* CAAudioUnitPlayer.swift */ = {isa = PBXFileReference; lastKnownFileType = sourcecode.swift; path = CAAudioUnitPlayer.swift; sourceTree = "<group>"; };
		4DE488E727DF953E003543CB /* CARecorder */ = {isa = PBXFileReference; explicitFileType = "compiled.mach-o.executable"; includeInIndex = 0; path = CARecorder; sourceTree = BUILT_PRODUCTS_DIR; };
		4DE488E827DF959A003543CB /* CARecorder.swift */ = {isa = PBXFileReference; lastKnownFileType = sourcecode.swift; path = CARecorder.swift; sourceTree = "<group>"; };
		4DE488EE27DF988C003543CB /* CheckError.swift */ = {isa = PBXFileReference; lastKnownFileType = sourcecode.swift; path = CheckError.swift; sourceTree = "<group>"; };
/* End PBXFileReference section */

/* Begin PBXFrameworksBuildPhase section */
		4D11B59227E8B3B900A6ACC6 /* Frameworks */ = {
			isa = PBXFrameworksBuildPhase;
			buildActionMask = 2147483647;
			files = (
			);
			runOnlyForDeploymentPostprocessing = 0;
		};
		4D1E1AC327DECFA00052CB16 /* Frameworks */ = {
			isa = PBXFrameworksBuildPhase;
			buildActionMask = 2147483647;
			files = (
			);
			runOnlyForDeploymentPostprocessing = 0;
		};
		4D3B069027E8C40000291BD9 /* Frameworks */ = {
			isa = PBXFrameworksBuildPhase;
			buildActionMask = 2147483647;
			files = (
			);
			runOnlyForDeploymentPostprocessing = 0;
		};
		4D45C3F827DE19BD004E02C7 /* Frameworks */ = {
			isa = PBXFrameworksBuildPhase;
			buildActionMask = 2147483647;
			files = (
			);
			runOnlyForDeploymentPostprocessing = 0;
		};
		4D63D1A527E7811E006E2BB8 /* Frameworks */ = {
			isa = PBXFrameworksBuildPhase;
			buildActionMask = 2147483647;
			files = (
			);
			runOnlyForDeploymentPostprocessing = 0;
		};
		4D7820AD27DD807C00C8EFB7 /* Frameworks */ = {
			isa = PBXFrameworksBuildPhase;
			buildActionMask = 2147483647;
			files = (
			);
			runOnlyForDeploymentPostprocessing = 0;
		};
		4DABA08127E0B8BD004E1328 /* Frameworks */ = {
			isa = PBXFrameworksBuildPhase;
			buildActionMask = 2147483647;
			files = (
			);
			runOnlyForDeploymentPostprocessing = 0;
		};
		4DB3737927E3FD410006DAE5 /* Frameworks */ = {
			isa = PBXFrameworksBuildPhase;
			buildActionMask = 2147483647;
			files = (
			);
			runOnlyForDeploymentPostprocessing = 0;
		};
		4DBEDD6D27E7F075006E5F8F /* Frameworks */ = {
			isa = PBXFrameworksBuildPhase;
			buildActionMask = 2147483647;
			files = (
			);
			runOnlyForDeploymentPostprocessing = 0;
		};
		4DE488E227DF953E003543CB /* Frameworks */ = {
			isa = PBXFrameworksBuildPhase;
			buildActionMask = 2147483647;
			files = (
			);
			runOnlyForDeploymentPostprocessing = 0;
		};
/* End PBXFrameworksBuildPhase section */

/* Begin PBXGroup section */
		4D7820A727DD807C00C8EFB7 = {
			isa = PBXGroup;
			children = (
				4D83F4EA27E81A01008A8D9E /* readme.md */,
				4DBA263627E81C48006E99DE /* BookCover.jpg */,
				4D0DD45927E21428002E9EBB /* CAPlayer.entitlements */,
				4DABA07F27E0B846004E1328 /* CAToneFileGenerator.entitlements */,
				4DABA07E27E0B841004E1328 /* CAMetadata.entitlements */,
				4DABA07D27E0B83B004E1328 /* CARecorder.entitlements */,
				4D1665B727E02AD400BB7313 /* CAStreamFormatTester.entitlements */,
				4D7820B227DD807C00C8EFB7 /* CoreAudioDemoCode */,
				4D7820B127DD807C00C8EFB7 /* Products */,
			);
			sourceTree = "<group>";
		};
		4D7820B127DD807C00C8EFB7 /* Products */ = {
			isa = PBXGroup;
			children = (
				4D7820B027DD807C00C8EFB7 /* CAMetadata */,
				4D45C3FD27DE19BD004E02C7 /* CAToneFileGenerator */,
				4D1E1AC827DECFA00052CB16 /* CAStreamFormatTester */,
				4DE488E727DF953E003543CB /* CARecorder */,
				4DABA08427E0B8BD004E1328 /* CAPlayer */,
				4DB3737C27E3FD410006DAE5 /* CAConverter */,
				4D63D1A827E7811E006E2BB8 /* CAConverterExtended */,
				4DBEDD7027E7F075006E5F8F /* CAAudioUnitPlayer */,
				4D11B59527E8B3B900A6ACC6 /* CAAudioUnitSpeech */,
				4D3B069527E8C40000291BD9 /* CAAudioUnitSpeech 2 */,
			);
			name = Products;
			sourceTree = "<group>";
		};
		4D7820B227DD807C00C8EFB7 /* CoreAudioDemoCode */ = {
			isa = PBXGroup;
			children = (
				4DE488EC27DF9839003543CB /* Utility */,
				4D7820BA27DD81C500C8EFB7 /* CAMetadata.swift */,
				4D7820BC27DD8C9400C8EFB7 /* CAToneFileGenerator.swift */,
				4D1E1AC927DED0030052CB16 /* CAStreamFormatTester.swift */,
				4DE488E827DF959A003543CB /* CARecorder.swift */,
				4DABA08B27E0B8FF004E1328 /* CAPlayer.swift */,
				4DB3738427E3FD6B0006DAE5 /* CAConverter.swift */,
				4D63D1AF27E78141006E2BB8 /* CAConverterExtended.swift */,
				4DBEDD7727E7F08D006E5F8F /* CAAudioUnitPlayer.swift */,
				4D11B59C27E8B3DD00A6ACC6 /* CAAudioUnitSpeech.swift */,
			);
			path = CoreAudioDemoCode;
			sourceTree = "<group>";
		};
		4DE488EC27DF9839003543CB /* Utility */ = {
			isa = PBXGroup;
			children = (
				4D45C3FE27DE1C29004E02C7 /* main.swift */,
				4D1E1ABC27DECB2D0052CB16 /* NCO.swift */,
				4DE488EE27DF988C003543CB /* CheckError.swift */,
			);
			path = Utility;
			sourceTree = "<group>";
		};
/* End PBXGroup section */

/* Begin PBXNativeTarget section */
		4D11B59427E8B3B900A6ACC6 /* CAAudioUnitSpeech */ = {
			isa = PBXNativeTarget;
			buildConfigurationList = 4D11B59B27E8B3B900A6ACC6 /* Build configuration list for PBXNativeTarget "CAAudioUnitSpeech" */;
			buildPhases = (
				4D11B59127E8B3B900A6ACC6 /* Sources */,
				4D11B59227E8B3B900A6ACC6 /* Frameworks */,
				4D11B59327E8B3B900A6ACC6 /* CopyFiles */,
			);
			buildRules = (
			);
			dependencies = (
			);
			name = CAAudioUnitSpeech;
			productName = CAAudioUnitSpeech;
			productReference = 4D11B59527E8B3B900A6ACC6 /* CAAudioUnitSpeech */;
			productType = "com.apple.product-type.tool";
		};
		4D1E1ABE27DECFA00052CB16 /* CAStreamFormatTester */ = {
			isa = PBXNativeTarget;
			buildConfigurationList = 4D1E1AC527DECFA00052CB16 /* Build configuration list for PBXNativeTarget "CAStreamFormatTester" */;
			buildPhases = (
				4D1E1ABF27DECFA00052CB16 /* Sources */,
				4D1E1AC327DECFA00052CB16 /* Frameworks */,
				4D1E1AC427DECFA00052CB16 /* CopyFiles */,
			);
			buildRules = (
			);
			dependencies = (
			);
			name = CAStreamFormatTester;
			productName = CoreAudioDemoCode;
			productReference = 4D1E1AC827DECFA00052CB16 /* CAStreamFormatTester */;
			productType = "com.apple.product-type.tool";
		};
		4D3B068B27E8C40000291BD9 /* CAAudioUnitSpeech 2 */ = {
			isa = PBXNativeTarget;
			buildConfigurationList = 4D3B069227E8C40000291BD9 /* Build configuration list for PBXNativeTarget "CAAudioUnitSpeech 2" */;
			buildPhases = (
				4D3B068C27E8C40000291BD9 /* Sources */,
				4D3B069027E8C40000291BD9 /* Frameworks */,
				4D3B069127E8C40000291BD9 /* CopyFiles */,
			);
			buildRules = (
			);
			dependencies = (
			);
			name = "CAAudioUnitSpeech 2";
			productName = CAAudioUnitSpeech;
			productReference = 4D3B069527E8C40000291BD9 /* CAAudioUnitSpeech 2 */;
			productType = "com.apple.product-type.tool";
		};
		4D45C3F327DE19BD004E02C7 /* CAToneFileGenerator */ = {
			isa = PBXNativeTarget;
			buildConfigurationList = 4D45C3FA27DE19BD004E02C7 /* Build configuration list for PBXNativeTarget "CAToneFileGenerator" */;
			buildPhases = (
				4D45C3F427DE19BD004E02C7 /* Sources */,
				4D45C3F827DE19BD004E02C7 /* Frameworks */,
				4D45C3F927DE19BD004E02C7 /* CopyFiles */,
			);
			buildRules = (
			);
			dependencies = (
			);
			name = CAToneFileGenerator;
			productName = CoreAudioDemoCode;
			productReference = 4D45C3FD27DE19BD004E02C7 /* CAToneFileGenerator */;
			productType = "com.apple.product-type.tool";
		};
		4D63D1A727E7811E006E2BB8 /* CAConverterExtended */ = {
			isa = PBXNativeTarget;
			buildConfigurationList = 4D63D1AE27E7811E006E2BB8 /* Build configuration list for PBXNativeTarget "CAConverterExtended" */;
			buildPhases = (
				4D63D1A427E7811E006E2BB8 /* Sources */,
				4D63D1A527E7811E006E2BB8 /* Frameworks */,
				4D63D1A627E7811E006E2BB8 /* CopyFiles */,
			);
			buildRules = (
			);
			dependencies = (
			);
			name = CAConverterExtended;
			productName = CAConverterExtended;
			productReference = 4D63D1A827E7811E006E2BB8 /* CAConverterExtended */;
			productType = "com.apple.product-type.tool";
		};
		4D7820AF27DD807C00C8EFB7 /* CAMetadata */ = {
			isa = PBXNativeTarget;
			buildConfigurationList = 4D7820B727DD807C00C8EFB7 /* Build configuration list for PBXNativeTarget "CAMetadata" */;
			buildPhases = (
				4D7820AC27DD807C00C8EFB7 /* Sources */,
				4D7820AD27DD807C00C8EFB7 /* Frameworks */,
				4D7820AE27DD807C00C8EFB7 /* CopyFiles */,
			);
			buildRules = (
			);
			dependencies = (
			);
			name = CAMetadata;
			productName = CoreAudioDemoCode;
			productReference = 4D7820B027DD807C00C8EFB7 /* CAMetadata */;
			productType = "com.apple.product-type.tool";
		};
		4DABA08327E0B8BD004E1328 /* CAPlayer */ = {
			isa = PBXNativeTarget;
			buildConfigurationList = 4DABA08827E0B8BD004E1328 /* Build configuration list for PBXNativeTarget "CAPlayer" */;
			buildPhases = (
				4DABA08027E0B8BD004E1328 /* Sources */,
				4DABA08127E0B8BD004E1328 /* Frameworks */,
				4DABA08227E0B8BD004E1328 /* CopyFiles */,
			);
			buildRules = (
			);
			dependencies = (
			);
			name = CAPlayer;
			productName = CAPlayer;
			productReference = 4DABA08427E0B8BD004E1328 /* CAPlayer */;
			productType = "com.apple.product-type.tool";
		};
		4DB3737B27E3FD410006DAE5 /* CAConverter */ = {
			isa = PBXNativeTarget;
			buildConfigurationList = 4DB3738227E3FD410006DAE5 /* Build configuration list for PBXNativeTarget "CAConverter" */;
			buildPhases = (
				4DB3737827E3FD410006DAE5 /* Sources */,
				4DB3737927E3FD410006DAE5 /* Frameworks */,
				4DB3737A27E3FD410006DAE5 /* CopyFiles */,
			);
			buildRules = (
			);
			dependencies = (
			);
			name = CAConverter;
			productName = CAConverter;
			productReference = 4DB3737C27E3FD410006DAE5 /* CAConverter */;
			productType = "com.apple.product-type.tool";
		};
		4DBEDD6F27E7F075006E5F8F /* CAAudioUnitPlayer */ = {
			isa = PBXNativeTarget;
			buildConfigurationList = 4DBEDD7627E7F075006E5F8F /* Build configuration list for PBXNativeTarget "CAAudioUnitPlayer" */;
			buildPhases = (
				4DBEDD6C27E7F075006E5F8F /* Sources */,
				4DBEDD6D27E7F075006E5F8F /* Frameworks */,
				4DBEDD6E27E7F075006E5F8F /* CopyFiles */,
			);
			buildRules = (
			);
			dependencies = (
			);
			name = CAAudioUnitPlayer;
			productName = CAAudioUnitPlayer;
			productReference = 4DBEDD7027E7F075006E5F8F /* CAAudioUnitPlayer */;
			productType = "com.apple.product-type.tool";
		};
		4DE488DD27DF953E003543CB /* CARecorder */ = {
			isa = PBXNativeTarget;
			buildConfigurationList = 4DE488E427DF953E003543CB /* Build configuration list for PBXNativeTarget "CARecorder" */;
			buildPhases = (
				4DE488DE27DF953E003543CB /* Sources */,
				4DE488E227DF953E003543CB /* Frameworks */,
				4DE488E327DF953E003543CB /* CopyFiles */,
			);
			buildRules = (
			);
			dependencies = (
			);
			name = CARecorder;
			productName = CoreAudioDemoCode;
			productReference = 4DE488E727DF953E003543CB /* CARecorder */;
			productType = "com.apple.product-type.tool";
		};
/* End PBXNativeTarget section */

/* Begin PBXProject section */
		4D7820A827DD807C00C8EFB7 /* Project object */ = {
			isa = PBXProject;
			attributes = {
				BuildIndependentTargetsInParallel = 1;
				LastSwiftUpdateCheck = 1320;
				LastUpgradeCheck = 1320;
				TargetAttributes = {
					4D11B59427E8B3B900A6ACC6 = {
						CreatedOnToolsVersion = 13.2;
					};
					4D63D1A727E7811E006E2BB8 = {
						CreatedOnToolsVersion = 13.2;
					};
					4D7820AF27DD807C00C8EFB7 = {
						CreatedOnToolsVersion = 13.2;
					};
					4DABA08327E0B8BD004E1328 = {
						CreatedOnToolsVersion = 13.2;
						LastSwiftMigration = 1320;
					};
					4DB3737B27E3FD410006DAE5 = {
						CreatedOnToolsVersion = 13.2;
					};
					4DBEDD6F27E7F075006E5F8F = {
						CreatedOnToolsVersion = 13.2;
					};
				};
			};
			buildConfigurationList = 4D7820AB27DD807C00C8EFB7 /* Build configuration list for PBXProject "CoreAudioDemoCode" */;
			compatibilityVersion = "Xcode 13.0";
			developmentRegion = en;
			hasScannedForEncodings = 0;
			knownRegions = (
				en,
				Base,
			);
			mainGroup = 4D7820A727DD807C00C8EFB7;
			productRefGroup = 4D7820B127DD807C00C8EFB7 /* Products */;
			projectDirPath = "";
			projectRoot = "";
			targets = (
				4D7820AF27DD807C00C8EFB7 /* CAMetadata */,
				4D45C3F327DE19BD004E02C7 /* CAToneFileGenerator */,
				4D1E1ABE27DECFA00052CB16 /* CAStreamFormatTester */,
				4DE488DD27DF953E003543CB /* CARecorder */,
				4DABA08327E0B8BD004E1328 /* CAPlayer */,
				4DB3737B27E3FD410006DAE5 /* CAConverter */,
				4D63D1A727E7811E006E2BB8 /* CAConverterExtended */,
				4DBEDD6F27E7F075006E5F8F /* CAAudioUnitPlayer */,
				4D11B59427E8B3B900A6ACC6 /* CAAudioUnitSpeech */,
				4D3B068B27E8C40000291BD9 /* CAAudioUnitSpeech 2 */,
			);
		};
/* End PBXProject section */

/* Begin PBXSourcesBuildPhase section */
		4D11B59127E8B3B900A6ACC6 /* Sources */ = {
			isa = PBXSourcesBuildPhase;
			buildActionMask = 2147483647;
			files = (
				4D11B59F27E8B41A00A6ACC6 /* main.swift in Sources */,
				4D11B59E27E8B41300A6ACC6 /* CAAudioUnitSpeech.swift in Sources */,
				4D11B5A027E8B41F00A6ACC6 /* CheckError.swift in Sources */,
			);
			runOnlyForDeploymentPostprocessing = 0;
		};
		4D1E1ABF27DECFA00052CB16 /* Sources */ = {
			isa = PBXSourcesBuildPhase;
			buildActionMask = 2147483647;
			files = (
				4D1E1AC027DECFA00052CB16 /* main.swift in Sources */,
				4D1E1ACA27DED0030052CB16 /* CAStreamFormatTester.swift in Sources */,
				4DE488F027DF988C003543CB /* CheckError.swift in Sources */,
			);
			runOnlyForDeploymentPostprocessing = 0;
		};
		4D3B068C27E8C40000291BD9 /* Sources */ = {
			isa = PBXSourcesBuildPhase;
			buildActionMask = 2147483647;
			files = (
				4D3B068D27E8C40000291BD9 /* main.swift in Sources */,
				4D3B068E27E8C40000291BD9 /* CAAudioUnitSpeech.swift in Sources */,
				4D3B068F27E8C40000291BD9 /* CheckError.swift in Sources */,
			);
			runOnlyForDeploymentPostprocessing = 0;
		};
		4D45C3F427DE19BD004E02C7 /* Sources */ = {
			isa = PBXSourcesBuildPhase;
			buildActionMask = 2147483647;
			files = (
				4D1E1ACB27DED0340052CB16 /* CAToneFileGenerator.swift in Sources */,
				4D45C40027DE1C29004E02C7 /* main.swift in Sources */,
				4D1E1ABD27DECB2D0052CB16 /* NCO.swift in Sources */,
				4DE488EF27DF988C003543CB /* CheckError.swift in Sources */,
			);
			runOnlyForDeploymentPostprocessing = 0;
		};
		4D63D1A427E7811E006E2BB8 /* Sources */ = {
			isa = PBXSourcesBuildPhase;
			buildActionMask = 2147483647;
			files = (
				4D63D1B127E781EE006E2BB8 /* main.swift in Sources */,
				4D63D1B027E78141006E2BB8 /* CAConverterExtended.swift in Sources */,
				4D63D1B227E781F2006E2BB8 /* CheckError.swift in Sources */,
			);
			runOnlyForDeploymentPostprocessing = 0;
		};
		4D7820AC27DD807C00C8EFB7 /* Sources */ = {
			isa = PBXSourcesBuildPhase;
			buildActionMask = 2147483647;
			files = (
				4D45C3FF27DE1C29004E02C7 /* main.swift in Sources */,
				4D7820BB27DD81C500C8EFB7 /* CAMetadata.swift in Sources */,
			);
			runOnlyForDeploymentPostprocessing = 0;
		};
		4DABA08027E0B8BD004E1328 /* Sources */ = {
			isa = PBXSourcesBuildPhase;
			buildActionMask = 2147483647;
			files = (
				4DABA08C27E0B8FF004E1328 /* CAPlayer.swift in Sources */,
				4DABA08D27E0B940004E1328 /* CheckError.swift in Sources */,
				4DABA08E27E0B953004E1328 /* main.swift in Sources */,
			);
			runOnlyForDeploymentPostprocessing = 0;
		};
		4DB3737827E3FD410006DAE5 /* Sources */ = {
			isa = PBXSourcesBuildPhase;
			buildActionMask = 2147483647;
			files = (
				4DB3738327E3FD4E0006DAE5 /* CheckError.swift in Sources */,
				4DB3738627E3FD750006DAE5 /* CAConverter.swift in Sources */,
				4DB3738727E405220006DAE5 /* main.swift in Sources */,
			);
			runOnlyForDeploymentPostprocessing = 0;
		};
		4DBEDD6C27E7F075006E5F8F /* Sources */ = {
			isa = PBXSourcesBuildPhase;
			buildActionMask = 2147483647;
			files = (
				4DBEDD7927E7F0B7006E5F8F /* main.swift in Sources */,
				4DBEDD7827E7F0B3006E5F8F /* CAAudioUnitPlayer.swift in Sources */,
				4DBEDD7A27E7F0BB006E5F8F /* CheckError.swift in Sources */,
			);
			runOnlyForDeploymentPostprocessing = 0;
		};
		4DE488DE27DF953E003543CB /* Sources */ = {
			isa = PBXSourcesBuildPhase;
			buildActionMask = 2147483647;
			files = (
				4DE488DF27DF953E003543CB /* main.swift in Sources */,
				4DE488EB27DF959A003543CB /* CARecorder.swift in Sources */,
				4DE488F127DF988C003543CB /* CheckError.swift in Sources */,
			);
			runOnlyForDeploymentPostprocessing = 0;
		};
/* End PBXSourcesBuildPhase section */

/* Begin XCBuildConfiguration section */
		4D11B59927E8B3B900A6ACC6 /* Debug */ = {
			isa = XCBuildConfiguration;
			buildSettings = {
				CODE_SIGN_STYLE = Automatic;
				DEVELOPMENT_TEAM = 566Y4FXUU7;
				ENABLE_HARDENED_RUNTIME = YES;
				MACOSX_DEPLOYMENT_TARGET = 12.1;
				PRODUCT_NAME = "$(TARGET_NAME)";
				SWIFT_VERSION = 5.0;
			};
			name = Debug;
		};
		4D11B59A27E8B3B900A6ACC6 /* Release */ = {
			isa = XCBuildConfiguration;
			buildSettings = {
				CODE_SIGN_STYLE = Automatic;
				DEVELOPMENT_TEAM = 566Y4FXUU7;
				ENABLE_HARDENED_RUNTIME = YES;
				MACOSX_DEPLOYMENT_TARGET = 12.1;
				PRODUCT_NAME = "$(TARGET_NAME)";
				SWIFT_VERSION = 5.0;
			};
			name = Release;
		};
		4D1E1AC627DECFA00052CB16 /* Debug */ = {
			isa = XCBuildConfiguration;
			buildSettings = {
				CODE_SIGN_ENTITLEMENTS = CAStreamFormatTester.entitlements;
				CODE_SIGN_IDENTITY = "-";
				CODE_SIGN_STYLE = Automatic;
				DEVELOPMENT_TEAM = 566Y4FXUU7;
				ENABLE_HARDENED_RUNTIME = NO;
				MACOSX_DEPLOYMENT_TARGET = 11.5;
				PRODUCT_BUNDLE_IDENTIFIER = com.microenh;
				PRODUCT_NAME = "$(TARGET_NAME)";
				SWIFT_VERSION = 5.0;
			};
			name = Debug;
		};
		4D1E1AC727DECFA00052CB16 /* Release */ = {
			isa = XCBuildConfiguration;
			buildSettings = {
				CODE_SIGN_ENTITLEMENTS = CAStreamFormatTester.entitlements;
				CODE_SIGN_IDENTITY = "-";
				CODE_SIGN_STYLE = Automatic;
				DEVELOPMENT_TEAM = 566Y4FXUU7;
				ENABLE_HARDENED_RUNTIME = NO;
				MACOSX_DEPLOYMENT_TARGET = 11.5;
				PRODUCT_BUNDLE_IDENTIFIER = com.microenh;
				PRODUCT_NAME = "$(TARGET_NAME)";
				SWIFT_VERSION = 5.0;
			};
			name = Release;
		};
		4D3B069327E8C40000291BD9 /* Debug */ = {
			isa = XCBuildConfiguration;
			buildSettings = {
				CODE_SIGN_STYLE = Automatic;
				DEVELOPMENT_TEAM = 566Y4FXUU7;
				ENABLE_HARDENED_RUNTIME = YES;
				MACOSX_DEPLOYMENT_TARGET = 12.1;
				PRODUCT_NAME = "$(TARGET_NAME)";
				"SWIFT_ACTIVE_COMPILATION_CONDITIONS[arch=*]" = PART_II;
				SWIFT_VERSION = 5.0;
			};
			name = Debug;
		};
		4D3B069427E8C40000291BD9 /* Release */ = {
			isa = XCBuildConfiguration;
			buildSettings = {
				CODE_SIGN_STYLE = Automatic;
				DEVELOPMENT_TEAM = 566Y4FXUU7;
				ENABLE_HARDENED_RUNTIME = YES;
				MACOSX_DEPLOYMENT_TARGET = 12.1;
				PRODUCT_NAME = "$(TARGET_NAME)";
				"SWIFT_ACTIVE_COMPILATION_CONDITIONS[arch=*]" = PART_II;
				SWIFT_VERSION = 5.0;
			};
			name = Release;
		};
		4D45C3FB27DE19BD004E02C7 /* Debug */ = {
			isa = XCBuildConfiguration;
			buildSettings = {
				CODE_SIGN_ENTITLEMENTS = CAToneFileGenerator.entitlements;
				CODE_SIGN_IDENTITY = "-";
				CODE_SIGN_STYLE = Automatic;
				DEVELOPMENT_TEAM = 566Y4FXUU7;
				ENABLE_HARDENED_RUNTIME = NO;
				MACOSX_DEPLOYMENT_TARGET = 11.5;
				PRODUCT_BUNDLE_IDENTIFIER = com.microenh;
				PRODUCT_NAME = "$(TARGET_NAME)";
				SWIFT_VERSION = 5.0;
			};
			name = Debug;
		};
		4D45C3FC27DE19BD004E02C7 /* Release */ = {
			isa = XCBuildConfiguration;
			buildSettings = {
				CODE_SIGN_ENTITLEMENTS = CAToneFileGenerator.entitlements;
				CODE_SIGN_IDENTITY = "-";
				CODE_SIGN_STYLE = Automatic;
				DEVELOPMENT_TEAM = 566Y4FXUU7;
				ENABLE_HARDENED_RUNTIME = NO;
				MACOSX_DEPLOYMENT_TARGET = 11.5;
				PRODUCT_BUNDLE_IDENTIFIER = com.microenh;
				PRODUCT_NAME = "$(TARGET_NAME)";
				SWIFT_VERSION = 5.0;
			};
			name = Release;
		};
		4D63D1AC27E7811E006E2BB8 /* Debug */ = {
			isa = XCBuildConfiguration;
			buildSettings = {
				CODE_SIGN_STYLE = Automatic;
				DEVELOPMENT_TEAM = 566Y4FXUU7;
				ENABLE_HARDENED_RUNTIME = YES;
				MACOSX_DEPLOYMENT_TARGET = 12.1;
				PRODUCT_NAME = "$(TARGET_NAME)";
				SWIFT_VERSION = 5.0;
			};
			name = Debug;
		};
		4D63D1AD27E7811E006E2BB8 /* Release */ = {
			isa = XCBuildConfiguration;
			buildSettings = {
				CODE_SIGN_STYLE = Automatic;
				DEVELOPMENT_TEAM = 566Y4FXUU7;
				ENABLE_HARDENED_RUNTIME = YES;
				MACOSX_DEPLOYMENT_TARGET = 12.1;
				PRODUCT_NAME = "$(TARGET_NAME)";
				SWIFT_VERSION = 5.0;
			};
			name = Release;
		};
		4D7820B527DD807C00C8EFB7 /* Debug */ = {
			isa = XCBuildConfiguration;
			buildSettings = {
				ALWAYS_SEARCH_USER_PATHS = NO;
				CLANG_ANALYZER_NONNULL = YES;
				CLANG_ANALYZER_NUMBER_OBJECT_CONVERSION = YES_AGGRESSIVE;
				CLANG_CXX_LANGUAGE_STANDARD = "gnu++17";
				CLANG_CXX_LIBRARY = "libc++";
				CLANG_ENABLE_MODULES = YES;
				CLANG_ENABLE_OBJC_ARC = YES;
				CLANG_ENABLE_OBJC_WEAK = YES;
				CLANG_WARN_BLOCK_CAPTURE_AUTORELEASING = YES;
				CLANG_WARN_BOOL_CONVERSION = YES;
				CLANG_WARN_COMMA = YES;
				CLANG_WARN_CONSTANT_CONVERSION = YES;
				CLANG_WARN_DEPRECATED_OBJC_IMPLEMENTATIONS = YES;
				CLANG_WARN_DIRECT_OBJC_ISA_USAGE = YES_ERROR;
				CLANG_WARN_DOCUMENTATION_COMMENTS = YES;
				CLANG_WARN_EMPTY_BODY = YES;
				CLANG_WARN_ENUM_CONVERSION = YES;
				CLANG_WARN_INFINITE_RECURSION = YES;
				CLANG_WARN_INT_CONVERSION = YES;
				CLANG_WARN_NON_LITERAL_NULL_CONVERSION = YES;
				CLANG_WARN_OBJC_IMPLICIT_RETAIN_SELF = YES;
				CLANG_WARN_OBJC_LITERAL_CONVERSION = YES;
				CLANG_WARN_OBJC_ROOT_CLASS = YES_ERROR;
				CLANG_WARN_QUOTED_INCLUDE_IN_FRAMEWORK_HEADER = YES;
				CLANG_WARN_RANGE_LOOP_ANALYSIS = YES;
				CLANG_WARN_STRICT_PROTOTYPES = YES;
				CLANG_WARN_SUSPICIOUS_MOVE = YES;
				CLANG_WARN_UNGUARDED_AVAILABILITY = YES_AGGRESSIVE;
				CLANG_WARN_UNREACHABLE_CODE = YES;
				CLANG_WARN__DUPLICATE_METHOD_MATCH = YES;
				COPY_PHASE_STRIP = NO;
				DEBUG_INFORMATION_FORMAT = dwarf;
				ENABLE_STRICT_OBJC_MSGSEND = YES;
				ENABLE_TESTABILITY = YES;
				GCC_C_LANGUAGE_STANDARD = gnu11;
				GCC_DYNAMIC_NO_PIC = NO;
				GCC_NO_COMMON_BLOCKS = YES;
				GCC_OPTIMIZATION_LEVEL = 0;
				GCC_PREPROCESSOR_DEFINITIONS = (
					"DEBUG=1",
					"$(inherited)",
				);
				GCC_WARN_64_TO_32_BIT_CONVERSION = YES;
				GCC_WARN_ABOUT_RETURN_TYPE = YES_ERROR;
				GCC_WARN_UNDECLARED_SELECTOR = YES;
				GCC_WARN_UNINITIALIZED_AUTOS = YES_AGGRESSIVE;
				GCC_WARN_UNUSED_FUNCTION = YES;
				GCC_WARN_UNUSED_VARIABLE = YES;
				MACOSX_DEPLOYMENT_TARGET = 11.5;
				MTL_ENABLE_DEBUG_INFO = INCLUDE_SOURCE;
				MTL_FAST_MATH = YES;
				ONLY_ACTIVE_ARCH = YES;
				SDKROOT = macosx;
				SWIFT_ACTIVE_COMPILATION_CONDITIONS = DEBUG;
				"SWIFT_ACTIVE_COMPILATION_CONDITIONS[arch=*]" = "";
				SWIFT_OPTIMIZATION_LEVEL = "-Onone";
			};
			name = Debug;
		};
		4D7820B627DD807C00C8EFB7 /* Release */ = {
			isa = XCBuildConfiguration;
			buildSettings = {
				ALWAYS_SEARCH_USER_PATHS = NO;
				CLANG_ANALYZER_NONNULL = YES;
				CLANG_ANALYZER_NUMBER_OBJECT_CONVERSION = YES_AGGRESSIVE;
				CLANG_CXX_LANGUAGE_STANDARD = "gnu++17";
				CLANG_CXX_LIBRARY = "libc++";
				CLANG_ENABLE_MODULES = YES;
				CLANG_ENABLE_OBJC_ARC = YES;
				CLANG_ENABLE_OBJC_WEAK = YES;
				CLANG_WARN_BLOCK_CAPTURE_AUTORELEASING = YES;
				CLANG_WARN_BOOL_CONVERSION = YES;
				CLANG_WARN_COMMA = YES;
				CLANG_WARN_CONSTANT_CONVERSION = YES;
				CLANG_WARN_DEPRECATED_OBJC_IMPLEMENTATIONS = YES;
				CLANG_WARN_DIRECT_OBJC_ISA_USAGE = YES_ERROR;
				CLANG_WARN_DOCUMENTATION_COMMENTS = YES;
				CLANG_WARN_EMPTY_BODY = YES;
				CLANG_WARN_ENUM_CONVERSION = YES;
				CLANG_WARN_INFINITE_RECURSION = YES;
				CLANG_WARN_INT_CONVERSION = YES;
				CLANG_WARN_NON_LITERAL_NULL_CONVERSION = YES;
				CLANG_WARN_OBJC_IMPLICIT_RETAIN_SELF = YES;
				CLANG_WARN_OBJC_LITERAL_CONVERSION = YES;
				CLANG_WARN_OBJC_ROOT_CLASS = YES_ERROR;
				CLANG_WARN_QUOTED_INCLUDE_IN_FRAMEWORK_HEADER = YES;
				CLANG_WARN_RANGE_LOOP_ANALYSIS = YES;
				CLANG_WARN_STRICT_PROTOTYPES = YES;
				CLANG_WARN_SUSPICIOUS_MOVE = YES;
				CLANG_WARN_UNGUARDED_AVAILABILITY = YES_AGGRESSIVE;
				CLANG_WARN_UNREACHABLE_CODE = YES;
				CLANG_WARN__DUPLICATE_METHOD_MATCH = YES;
				COPY_PHASE_STRIP = NO;
				DEBUG_INFORMATION_FORMAT = "dwarf-with-dsym";
				ENABLE_NS_ASSERTIONS = NO;
				ENABLE_STRICT_OBJC_MSGSEND = YES;
				GCC_C_LANGUAGE_STANDARD = gnu11;
				GCC_NO_COMMON_BLOCKS = YES;
				GCC_WARN_64_TO_32_BIT_CONVERSION = YES;
				GCC_WARN_ABOUT_RETURN_TYPE = YES_ERROR;
				GCC_WARN_UNDECLARED_SELECTOR = YES;
				GCC_WARN_UNINITIALIZED_AUTOS = YES_AGGRESSIVE;
				GCC_WARN_UNUSED_FUNCTION = YES;
				GCC_WARN_UNUSED_VARIABLE = YES;
				MACOSX_DEPLOYMENT_TARGET = 11.5;
				MTL_ENABLE_DEBUG_INFO = NO;
				MTL_FAST_MATH = YES;
				SDKROOT = macosx;
				SWIFT_COMPILATION_MODE = wholemodule;
				SWIFT_OPTIMIZATION_LEVEL = "-O";
			};
			name = Release;
		};
		4D7820B827DD807C00C8EFB7 /* Debug */ = {
			isa = XCBuildConfiguration;
			buildSettings = {
				CODE_SIGN_ENTITLEMENTS = CAMetadata.entitlements;
				CODE_SIGN_IDENTITY = "-";
				CODE_SIGN_STYLE = Automatic;
				DEVELOPMENT_TEAM = 566Y4FXUU7;
				ENABLE_HARDENED_RUNTIME = NO;
				MACOSX_DEPLOYMENT_TARGET = 11.5;
				PRODUCT_BUNDLE_IDENTIFIER = com.microenh;
				PRODUCT_NAME = "$(TARGET_NAME)";
				SWIFT_VERSION = 5.0;
			};
			name = Debug;
		};
		4D7820B927DD807C00C8EFB7 /* Release */ = {
			isa = XCBuildConfiguration;
			buildSettings = {
				CODE_SIGN_ENTITLEMENTS = CAMetadata.entitlements;
				CODE_SIGN_IDENTITY = "-";
				CODE_SIGN_STYLE = Automatic;
				DEVELOPMENT_TEAM = 566Y4FXUU7;
				ENABLE_HARDENED_RUNTIME = NO;
				MACOSX_DEPLOYMENT_TARGET = 11.5;
				PRODUCT_BUNDLE_IDENTIFIER = com.microenh;
				PRODUCT_NAME = "$(TARGET_NAME)";
				SWIFT_VERSION = 5.0;
			};
			name = Release;
		};
		4DABA08927E0B8BD004E1328 /* Debug */ = {
			isa = XCBuildConfiguration;
			buildSettings = {
				CLANG_ENABLE_MODULES = YES;
				CODE_SIGN_ENTITLEMENTS = CAPlayer.entitlements;
				CODE_SIGN_IDENTITY = "-";
				CODE_SIGN_STYLE = Automatic;
				DEVELOPMENT_TEAM = 566Y4FXUU7;
				ENABLE_HARDENED_RUNTIME = NO;
				LD_RUNPATH_SEARCH_PATHS = (
					"$(inherited)",
					"@executable_path/../Frameworks",
					"@loader_path/../Frameworks",
				);
				MACOSX_DEPLOYMENT_TARGET = 11.5;
				PRODUCT_BUNDLE_IDENTIFIER = com.microenh;
				PRODUCT_NAME = "$(TARGET_NAME)";
				SWIFT_OPTIMIZATION_LEVEL = "-Onone";
				SWIFT_VERSION = 5.0;
			};
			name = Debug;
		};
		4DABA08A27E0B8BD004E1328 /* Release */ = {
			isa = XCBuildConfiguration;
			buildSettings = {
				CLANG_ENABLE_MODULES = YES;
				CODE_SIGN_ENTITLEMENTS = CAPlayer.entitlements;
				CODE_SIGN_IDENTITY = "-";
				CODE_SIGN_STYLE = Automatic;
				DEVELOPMENT_TEAM = 566Y4FXUU7;
				ENABLE_HARDENED_RUNTIME = NO;
				LD_RUNPATH_SEARCH_PATHS = (
					"$(inherited)",
					"@executable_path/../Frameworks",
					"@loader_path/../Frameworks",
				);
				MACOSX_DEPLOYMENT_TARGET = 11.5;
				PRODUCT_BUNDLE_IDENTIFIER = com.microenh;
				PRODUCT_NAME = "$(TARGET_NAME)";
				SWIFT_VERSION = 5.0;
			};
			name = Release;
		};
		4DB3738027E3FD410006DAE5 /* Debug */ = {
			isa = XCBuildConfiguration;
			buildSettings = {
				CODE_SIGN_STYLE = Automatic;
				DEVELOPMENT_TEAM = 566Y4FXUU7;
				ENABLE_HARDENED_RUNTIME = YES;
				MACOSX_DEPLOYMENT_TARGET = 12.1;
				PRODUCT_NAME = "$(TARGET_NAME)";
				SWIFT_VERSION = 5.0;
			};
			name = Debug;
		};
		4DB3738127E3FD410006DAE5 /* Release */ = {
			isa = XCBuildConfiguration;
			buildSettings = {
				CODE_SIGN_STYLE = Automatic;
				DEVELOPMENT_TEAM = 566Y4FXUU7;
				ENABLE_HARDENED_RUNTIME = YES;
				MACOSX_DEPLOYMENT_TARGET = 12.1;
				PRODUCT_NAME = "$(TARGET_NAME)";
				SWIFT_VERSION = 5.0;
			};
			name = Release;
		};
		4DBEDD7427E7F075006E5F8F /* Debug */ = {
			isa = XCBuildConfiguration;
			buildSettings = {
				CODE_SIGN_STYLE = Automatic;
				DEVELOPMENT_TEAM = 566Y4FXUU7;
				ENABLE_HARDENED_RUNTIME = YES;
				MACOSX_DEPLOYMENT_TARGET = 12.1;
				PRODUCT_NAME = "$(TARGET_NAME)";
				SWIFT_VERSION = 5.0;
			};
			name = Debug;
		};
		4DBEDD7527E7F075006E5F8F /* Release */ = {
			isa = XCBuildConfiguration;
			buildSettings = {
				CODE_SIGN_STYLE = Automatic;
				DEVELOPMENT_TEAM = 566Y4FXUU7;
				ENABLE_HARDENED_RUNTIME = YES;
				MACOSX_DEPLOYMENT_TARGET = 12.1;
				PRODUCT_NAME = "$(TARGET_NAME)";
				SWIFT_VERSION = 5.0;
			};
			name = Release;
		};
		4DE488E527DF953E003543CB /* Debug */ = {
			isa = XCBuildConfiguration;
			buildSettings = {
				CODE_SIGN_ENTITLEMENTS = CARecorder.entitlements;
				CODE_SIGN_IDENTITY = "-";
				CODE_SIGN_STYLE = Automatic;
				DEVELOPMENT_TEAM = 566Y4FXUU7;
				ENABLE_HARDENED_RUNTIME = NO;
				MACOSX_DEPLOYMENT_TARGET = 11.5;
				PRODUCT_BUNDLE_IDENTIFIER = com.microenh;
				PRODUCT_NAME = "$(TARGET_NAME)";
				SWIFT_VERSION = 5.0;
			};
			name = Debug;
		};
		4DE488E627DF953E003543CB /* Release */ = {
			isa = XCBuildConfiguration;
			buildSettings = {
				CODE_SIGN_ENTITLEMENTS = CARecorder.entitlements;
				CODE_SIGN_IDENTITY = "-";
				CODE_SIGN_STYLE = Automatic;
				DEVELOPMENT_TEAM = 566Y4FXUU7;
				ENABLE_HARDENED_RUNTIME = NO;
				MACOSX_DEPLOYMENT_TARGET = 11.5;
				PRODUCT_BUNDLE_IDENTIFIER = com.microenh;
				PRODUCT_NAME = "$(TARGET_NAME)";
				SWIFT_VERSION = 5.0;
			};
			name = Release;
		};
/* End XCBuildConfiguration section */

/* Begin XCConfigurationList section */
		4D11B59B27E8B3B900A6ACC6 /* Build configuration list for PBXNativeTarget "CAAudioUnitSpeech" */ = {
			isa = XCConfigurationList;
			buildConfigurations = (
				4D11B59927E8B3B900A6ACC6 /* Debug */,
				4D11B59A27E8B3B900A6ACC6 /* Release */,
			);
			defaultConfigurationIsVisible = 0;
			defaultConfigurationName = Release;
		};
		4D1E1AC527DECFA00052CB16 /* Build configuration list for PBXNativeTarget "CAStreamFormatTester" */ = {
			isa = XCConfigurationList;
			buildConfigurations = (
				4D1E1AC627DECFA00052CB16 /* Debug */,
				4D1E1AC727DECFA00052CB16 /* Release */,
			);
			defaultConfigurationIsVisible = 0;
			defaultConfigurationName = Release;
		};
		4D3B069227E8C40000291BD9 /* Build configuration list for PBXNativeTarget "CAAudioUnitSpeech 2" */ = {
			isa = XCConfigurationList;
			buildConfigurations = (
				4D3B069327E8C40000291BD9 /* Debug */,
				4D3B069427E8C40000291BD9 /* Release */,
			);
			defaultConfigurationIsVisible = 0;
			defaultConfigurationName = Release;
		};
		4D45C3FA27DE19BD004E02C7 /* Build configuration list for PBXNativeTarget "CAToneFileGenerator" */ = {
			isa = XCConfigurationList;
			buildConfigurations = (
				4D45C3FB27DE19BD004E02C7 /* Debug */,
				4D45C3FC27DE19BD004E02C7 /* Release */,
			);
			defaultConfigurationIsVisible = 0;
			defaultConfigurationName = Release;
		};
		4D63D1AE27E7811E006E2BB8 /* Build configuration list for PBXNativeTarget "CAConverterExtended" */ = {
			isa = XCConfigurationList;
			buildConfigurations = (
				4D63D1AC27E7811E006E2BB8 /* Debug */,
				4D63D1AD27E7811E006E2BB8 /* Release */,
			);
			defaultConfigurationIsVisible = 0;
			defaultConfigurationName = Release;
		};
		4D7820AB27DD807C00C8EFB7 /* Build configuration list for PBXProject "CoreAudioDemoCode" */ = {
			isa = XCConfigurationList;
			buildConfigurations = (
				4D7820B527DD807C00C8EFB7 /* Debug */,
				4D7820B627DD807C00C8EFB7 /* Release */,
			);
			defaultConfigurationIsVisible = 0;
			defaultConfigurationName = Release;
		};
		4D7820B727DD807C00C8EFB7 /* Build configuration list for PBXNativeTarget "CAMetadata" */ = {
			isa = XCConfigurationList;
			buildConfigurations = (
				4D7820B827DD807C00C8EFB7 /* Debug */,
				4D7820B927DD807C00C8EFB7 /* Release */,
			);
			defaultConfigurationIsVisible = 0;
			defaultConfigurationName = Release;
		};
		4DABA08827E0B8BD004E1328 /* Build configuration list for PBXNativeTarget "CAPlayer" */ = {
			isa = XCConfigurationList;
			buildConfigurations = (
				4DABA08927E0B8BD004E1328 /* Debug */,
				4DABA08A27E0B8BD004E1328 /* Release */,
			);
			defaultConfigurationIsVisible = 0;
			defaultConfigurationName = Release;
		};
		4DB3738227E3FD410006DAE5 /* Build configuration list for PBXNativeTarget "CAConverter" */ = {
			isa = XCConfigurationList;
			buildConfigurations = (
				4DB3738027E3FD410006DAE5 /* Debug */,
				4DB3738127E3FD410006DAE5 /* Release */,
			);
			defaultConfigurationIsVisible = 0;
			defaultConfigurationName = Release;
		};
		4DBEDD7627E7F075006E5F8F /* Build configuration list for PBXNativeTarget "CAAudioUnitPlayer" */ = {
			isa = XCConfigurationList;
			buildConfigurations = (
				4DBEDD7427E7F075006E5F8F /* Debug */,
				4DBEDD7527E7F075006E5F8F /* Release */,
			);
			defaultConfigurationIsVisible = 0;
			defaultConfigurationName = Release;
		};
		4DE488E427DF953E003543CB /* Build configuration list for PBXNativeTarget "CARecorder" */ = {
			isa = XCConfigurationList;
			buildConfigurations = (
				4DE488E527DF953E003543CB /* Debug */,
				4DE488E627DF953E003543CB /* Release */,
			);
			defaultConfigurationIsVisible = 0;
			defaultConfigurationName = Release;
		};
/* End XCConfigurationList section */
	};
	rootObject = 4D7820A827DD807C00C8EFB7 /* Project object */;
}
